%{
  "bunch": {:hex, :bunch, "0.1.2", "2389a4bcdb62382fbfeed9e19952cc22452dc0c01b4bcac941cce00ef212d7b4", [:mix], [], "hexpm"},
  "dialyxir": {:hex, :dialyxir, "0.5.1", "b331b091720fd93e878137add264bac4f644e1ddae07a70bf7062c7862c4b952", [:mix], [], "hexpm"},
  "earmark": {:hex, :earmark, "1.3.1", "73812f447f7a42358d3ba79283cfa3075a7580a3a2ed457616d6517ac3738cb9", [:mix], [], "hexpm"},
  "ex_doc": {:hex, :ex_doc, "0.19.2", "6f4081ccd9ed081b6dc0bd5af97a41e87f5554de469e7d76025fba535180565f", [:mix], [{:earmark, "~> 1.2", [hex: :earmark, repo: "hexpm", optional: false]}, {:makeup_elixir, "~> 0.10", [hex: :makeup_elixir, repo: "hexpm", optional: false]}], "hexpm"},
  "makeup": {:hex, :makeup, "0.6.0", "e0fd985525e8d42352782bd76253105fbab0a783ac298708ca9020636c9568af", [:mix], [{:nimble_parsec, "~> 0.5.0", [hex: :nimble_parsec, repo: "hexpm", optional: false]}], "hexpm"},
  "makeup_elixir": {:hex, :makeup_elixir, "0.11.0", "aa3446f67356afa5801618867587a8863f176f9c632fb62b20f49bd1ea335e8a", [:mix], [{:makeup, "~> 0.6", [hex: :makeup, repo: "hexpm", optional: false]}], "hexpm"},
  "membrane_core": {:git, "https://github.com/membraneframework/membrane-core.git", "d79e2228546ba99adafd3eb75291df6c1f3d3d93", [branch: "testing-tools"]},
  "mockery": {:hex, :mockery, "2.3.0", "f1af3976916e7402427116f491e3038a251857de8f0836952c2fa24ad6de4317", [:mix], [], "hexpm"},
  "nimble_parsec": {:hex, :nimble_parsec, "0.5.0", "90e2eca3d0266e5c53f8fbe0079694740b9c91b6747f2b7e3c5d21966bba8300", [:mix], [], "hexpm"},
  "qex": {:hex, :qex, "0.5.0", "5a3a9becf67d4006377c4c247ffdaaa8ae5b3634a0caadb788dc24d6125068f4", [:mix], [], "hexpm"},
}
